
Microsoft Visual Studio Solution File, Format Version 12.00
# Visual Studio Version 17
VisualStudioVersion = 17.10.35004.147
MinimumVisualStudioVersion = 15.0.26124.0
Project("{9A19103F-16F7-4668-BE54-9A1E7A4F7556}") = "CalcMicroservice", "GettingStarted\CalcMicroservice.csproj", "{9CF94616-6CD1-41E1-9666-E3CE592F9D88}"
EndProject
Project("{9A19103F-16F7-4668-BE54-9A1E7A4F7556}") = "FormulaParser", "FormulaParser\FormulaParser.csproj", "{B5135C44-D350-40B2-A6AF-51E9BACF345E}"
EndProject
Project("{9A19103F-16F7-4668-BE54-9A1E7A4F7556}") = "FormulaParserTests", "FormulaParserTests\FormulaParserTests.csproj", "{99C4880F-48BD-43FC-AFE3-78D1C11862E7}"
EndProject
Project("{9A19103F-16F7-4668-BE54-9A1E7A4F7556}") = "Operations", "Operations\Operations.csproj", "{9885EF33-64E5-4E24-9CDD-22A78DCDFD3B}"
EndProject
Project("{9A19103F-16F7-4668-BE54-9A1E7A4F7556}") = "FormulaCalculator", "FormulaCalculator\FormulaCalculator.csproj", "{1D670FF9-E6D8-474D-B5E3-3794DA3D14F1}"
EndProject
Project("{9A19103F-16F7-4668-BE54-9A1E7A4F7556}") = "FormulaCalculatorTests", "FormulaCalculatorTests\FormulaCalculatorTests.csproj", "{C3F127FD-BD92-44DD-B7E5-550583E5D222}"
EndProject
Project("{9A19103F-16F7-4668-BE54-9A1E7A4F7556}") = "CalcMicroserviceTests", "CalcMicroserviceTests\CalcMicroserviceTests.csproj", "{D2C57652-DD2F-41C3-8389-8B9004D24CB9}"
EndProject
Project("{2150E333-8FDC-42A3-9474-1A3956D46DE8}") = "Solution Items", "Solution Items", "{53809AFB-4B6F-4F1E-A07F-04FD2C1C1A85}"
	ProjectSection(SolutionItems) = preProject
		calc.bat = calc.bat
		main.bat = main.bat
		ReadMe.txt = ReadMe.txt
	EndProjectSection
EndProject
Project("{FAE04EC0-301F-11D3-BF4B-00C04F79EFBC}") = "LogWriter", "LogWriter\LogWriter.csproj", "{7D9A230A-D545-44B1-B141-76921735AFCC}"
EndProject
Global
	GlobalSection(SolutionConfigurationPlatforms) = preSolution
		Debug|Any CPU = Debug|Any CPU
		Debug|x64 = Debug|x64
		Debug|x86 = Debug|x86
		Release|Any CPU = Release|Any CPU
		Release|x64 = Release|x64
		Release|x86 = Release|x86
	EndGlobalSection
	GlobalSection(ProjectConfigurationPlatforms) = postSolution
		{9CF94616-6CD1-41E1-9666-E3CE592F9D88}.Debug|Any CPU.ActiveCfg = Debug|Any CPU
		{9CF94616-6CD1-41E1-9666-E3CE592F9D88}.Debug|Any CPU.Build.0 = Debug|Any CPU
		{9CF94616-6CD1-41E1-9666-E3CE592F9D88}.Debug|x64.ActiveCfg = Debug|Any CPU
		{9CF94616-6CD1-41E1-9666-E3CE592F9D88}.Debug|x64.Build.0 = Debug|Any CPU
		{9CF94616-6CD1-41E1-9666-E3CE592F9D88}.Debug|x86.ActiveCfg = Debug|Any CPU
		{9CF94616-6CD1-41E1-9666-E3CE592F9D88}.Debug|x86.Build.0 = Debug|Any CPU
		{9CF94616-6CD1-41E1-9666-E3CE592F9D88}.Release|Any CPU.ActiveCfg = Release|Any CPU
		{9CF94616-6CD1-41E1-9666-E3CE592F9D88}.Release|Any CPU.Build.0 = Release|Any CPU
		{9CF94616-6CD1-41E1-9666-E3CE592F9D88}.Release|x64.ActiveCfg = Release|Any CPU
		{9CF94616-6CD1-41E1-9666-E3CE592F9D88}.Release|x64.Build.0 = Release|Any CPU
		{9CF94616-6CD1-41E1-9666-E3CE592F9D88}.Release|x86.ActiveCfg = Release|Any CPU
		{9CF94616-6CD1-41E1-9666-E3CE592F9D88}.Release|x86.Build.0 = Release|Any CPU
		{B5135C44-D350-40B2-A6AF-51E9BACF345E}.Debug|Any CPU.ActiveCfg = Debug|Any CPU
		{B5135C44-D350-40B2-A6AF-51E9BACF345E}.Debug|Any CPU.Build.0 = Debug|Any CPU
		{B5135C44-D350-40B2-A6AF-51E9BACF345E}.Debug|x64.ActiveCfg = Debug|Any CPU
		{B5135C44-D350-40B2-A6AF-51E9BACF345E}.Debug|x64.Build.0 = Debug|Any CPU
		{B5135C44-D350-40B2-A6AF-51E9BACF345E}.Debug|x86.ActiveCfg = Debug|Any CPU
		{B5135C44-D350-40B2-A6AF-51E9BACF345E}.Debug|x86.Build.0 = Debug|Any CPU
		{B5135C44-D350-40B2-A6AF-51E9BACF345E}.Release|Any CPU.ActiveCfg = Release|Any CPU
		{B5135C44-D350-40B2-A6AF-51E9BACF345E}.Release|Any CPU.Build.0 = Release|Any CPU
		{B5135C44-D350-40B2-A6AF-51E9BACF345E}.Release|x64.ActiveCfg = Release|Any CPU
		{B5135C44-D350-40B2-A6AF-51E9BACF345E}.Release|x64.Build.0 = Release|Any CPU
		{B5135C44-D350-40B2-A6AF-51E9BACF345E}.Release|x86.ActiveCfg = Release|Any CPU
		{B5135C44-D350-40B2-A6AF-51E9BACF345E}.Release|x86.Build.0 = Release|Any CPU
		{99C4880F-48BD-43FC-AFE3-78D1C11862E7}.Debug|Any CPU.ActiveCfg = Debug|Any CPU
		{99C4880F-48BD-43FC-AFE3-78D1C11862E7}.Debug|Any CPU.Build.0 = Debug|Any CPU
		{99C4880F-48BD-43FC-AFE3-78D1C11862E7}.Debug|x64.ActiveCfg = Debug|Any CPU
		{99C4880F-48BD-43FC-AFE3-78D1C11862E7}.Debug|x64.Build.0 = Debug|Any CPU
		{99C4880F-48BD-43FC-AFE3-78D1C11862E7}.Debug|x86.ActiveCfg = Debug|Any CPU
		{99C4880F-48BD-43FC-AFE3-78D1C11862E7}.Debug|x86.Build.0 = Debug|Any CPU
		{99C4880F-48BD-43FC-AFE3-78D1C11862E7}.Release|Any CPU.ActiveCfg = Release|Any CPU
		{99C4880F-48BD-43FC-AFE3-78D1C11862E7}.Release|Any CPU.Build.0 = Release|Any CPU
		{99C4880F-48BD-43FC-AFE3-78D1C11862E7}.Release|x64.ActiveCfg = Release|Any CPU
		{99C4880F-48BD-43FC-AFE3-78D1C11862E7}.Release|x64.Build.0 = Release|Any CPU
		{99C4880F-48BD-43FC-AFE3-78D1C11862E7}.Release|x86.ActiveCfg = Release|Any CPU
		{99C4880F-48BD-43FC-AFE3-78D1C11862E7}.Release|x86.Build.0 = Release|Any CPU
		{9885EF33-64E5-4E24-9CDD-22A78DCDFD3B}.Debug|Any CPU.ActiveCfg = Debug|Any CPU
		{9885EF33-64E5-4E24-9CDD-22A78DCDFD3B}.Debug|Any CPU.Build.0 = Debug|Any CPU
		{9885EF33-64E5-4E24-9CDD-22A78DCDFD3B}.Debug|x64.ActiveCfg = Debug|Any CPU
		{9885EF33-64E5-4E24-9CDD-22A78DCDFD3B}.Debug|x64.Build.0 = Debug|Any CPU
		{9885EF33-64E5-4E24-9CDD-22A78DCDFD3B}.Debug|x86.ActiveCfg = Debug|Any CPU
		{9885EF33-64E5-4E24-9CDD-22A78DCDFD3B}.Debug|x86.Build.0 = Debug|Any CPU
		{9885EF33-64E5-4E24-9CDD-22A78DCDFD3B}.Release|Any CPU.ActiveCfg = Release|Any CPU
		{9885EF33-64E5-4E24-9CDD-22A78DCDFD3B}.Release|Any CPU.Build.0 = Release|Any CPU
		{9885EF33-64E5-4E24-9CDD-22A78DCDFD3B}.Release|x64.ActiveCfg = Release|Any CPU
		{9885EF33-64E5-4E24-9CDD-22A78DCDFD3B}.Release|x64.Build.0 = Release|Any CPU
		{9885EF33-64E5-4E24-9CDD-22A78DCDFD3B}.Release|x86.ActiveCfg = Release|Any CPU
		{9885EF33-64E5-4E24-9CDD-22A78DCDFD3B}.Release|x86.Build.0 = Release|Any CPU
		{1D670FF9-E6D8-474D-B5E3-3794DA3D14F1}.Debug|Any CPU.ActiveCfg = Debug|Any CPU
		{1D670FF9-E6D8-474D-B5E3-3794DA3D14F1}.Debug|Any CPU.Build.0 = Debug|Any CPU
		{1D670FF9-E6D8-474D-B5E3-3794DA3D14F1}.Debug|x64.ActiveCfg = Debug|Any CPU
		{1D670FF9-E6D8-474D-B5E3-3794DA3D14F1}.Debug|x64.Build.0 = Debug|Any CPU
		{1D670FF9-E6D8-474D-B5E3-3794DA3D14F1}.Debug|x86.ActiveCfg = Debug|Any CPU
		{1D670FF9-E6D8-474D-B5E3-3794DA3D14F1}.Debug|x86.Build.0 = Debug|Any CPU
		{1D670FF9-E6D8-474D-B5E3-3794DA3D14F1}.Release|Any CPU.ActiveCfg = Release|Any CPU
		{1D670FF9-E6D8-474D-B5E3-3794DA3D14F1}.Release|Any CPU.Build.0 = Release|Any CPU
		{1D670FF9-E6D8-474D-B5E3-3794DA3D14F1}.Release|x64.ActiveCfg = Release|Any CPU
		{1D670FF9-E6D8-474D-B5E3-3794DA3D14F1}.Release|x64.Build.0 = Release|Any CPU
		{1D670FF9-E6D8-474D-B5E3-3794DA3D14F1}.Release|x86.ActiveCfg = Release|Any CPU
		{1D670FF9-E6D8-474D-B5E3-3794DA3D14F1}.Release|x86.Build.0 = Release|Any CPU
		{C3F127FD-BD92-44DD-B7E5-550583E5D222}.Debug|Any CPU.ActiveCfg = Debug|Any CPU
		{C3F127FD-BD92-44DD-B7E5-550583E5D222}.Debug|Any CPU.Build.0 = Debug|Any CPU
		{C3F127FD-BD92-44DD-B7E5-550583E5D222}.Debug|x64.ActiveCfg = Debug|Any CPU
		{C3F127FD-BD92-44DD-B7E5-550583E5D222}.Debug|x64.Build.0 = Debug|Any CPU
		{C3F127FD-BD92-44DD-B7E5-550583E5D222}.Debug|x86.ActiveCfg = Debug|Any CPU
		{C3F127FD-BD92-44DD-B7E5-550583E5D222}.Debug|x86.Build.0 = Debug|Any CPU
		{C3F127FD-BD92-44DD-B7E5-550583E5D222}.Release|Any CPU.ActiveCfg = Release|Any CPU
		{C3F127FD-BD92-44DD-B7E5-550583E5D222}.Release|Any CPU.Build.0 = Release|Any CPU
		{C3F127FD-BD92-44DD-B7E5-550583E5D222}.Release|x64.ActiveCfg = Release|Any CPU
		{C3F127FD-BD92-44DD-B7E5-550583E5D222}.Release|x64.Build.0 = Release|Any CPU
		{C3F127FD-BD92-44DD-B7E5-550583E5D222}.Release|x86.ActiveCfg = Release|Any CPU
		{C3F127FD-BD92-44DD-B7E5-550583E5D222}.Release|x86.Build.0 = Release|Any CPU
		{D2C57652-DD2F-41C3-8389-8B9004D24CB9}.Debug|Any CPU.ActiveCfg = Debug|Any CPU
		{D2C57652-DD2F-41C3-8389-8B9004D24CB9}.Debug|Any CPU.Build.0 = Debug|Any CPU
		{D2C57652-DD2F-41C3-8389-8B9004D24CB9}.Debug|x64.ActiveCfg = Debug|Any CPU
		{D2C57652-DD2F-41C3-8389-8B9004D24CB9}.Debug|x64.Build.0 = Debug|Any CPU
		{D2C57652-DD2F-41C3-8389-8B9004D24CB9}.Debug|x86.ActiveCfg = Debug|Any CPU
		{D2C57652-DD2F-41C3-8389-8B9004D24CB9}.Debug|x86.Build.0 = Debug|Any CPU
		{D2C57652-DD2F-41C3-8389-8B9004D24CB9}.Release|Any CPU.ActiveCfg = Release|Any CPU
		{D2C57652-DD2F-41C3-8389-8B9004D24CB9}.Release|Any CPU.Build.0 = Release|Any CPU
		{D2C57652-DD2F-41C3-8389-8B9004D24CB9}.Release|x64.ActiveCfg = Release|Any CPU
		{D2C57652-DD2F-41C3-8389-8B9004D24CB9}.Release|x64.Build.0 = Release|Any CPU
		{D2C57652-DD2F-41C3-8389-8B9004D24CB9}.Release|x86.ActiveCfg = Release|Any CPU
		{D2C57652-DD2F-41C3-8389-8B9004D24CB9}.Release|x86.Build.0 = Release|Any CPU
		{7D9A230A-D545-44B1-B141-76921735AFCC}.Debug|Any CPU.ActiveCfg = Debug|Any CPU
		{7D9A230A-D545-44B1-B141-76921735AFCC}.Debug|Any CPU.Build.0 = Debug|Any CPU
		{7D9A230A-D545-44B1-B141-76921735AFCC}.Debug|x64.ActiveCfg = Debug|Any CPU
		{7D9A230A-D545-44B1-B141-76921735AFCC}.Debug|x64.Build.0 = Debug|Any CPU
		{7D9A230A-D545-44B1-B141-76921735AFCC}.Debug|x86.ActiveCfg = Debug|Any CPU
		{7D9A230A-D545-44B1-B141-76921735AFCC}.Debug|x86.Build.0 = Debug|Any CPU
		{7D9A230A-D545-44B1-B141-76921735AFCC}.Release|Any CPU.ActiveCfg = Release|Any CPU
		{7D9A230A-D545-44B1-B141-76921735AFCC}.Release|Any CPU.Build.0 = Release|Any CPU
		{7D9A230A-D545-44B1-B141-76921735AFCC}.Release|x64.ActiveCfg = Release|Any CPU
		{7D9A230A-D545-44B1-B141-76921735AFCC}.Release|x64.Build.0 = Release|Any CPU
		{7D9A230A-D545-44B1-B141-76921735AFCC}.Release|x86.ActiveCfg = Release|Any CPU
		{7D9A230A-D545-44B1-B141-76921735AFCC}.Release|x86.Build.0 = Release|Any CPU
	EndGlobalSection
	GlobalSection(SolutionProperties) = preSolution
		HideSolutionNode = FALSE
	EndGlobalSection
	GlobalSection(ExtensibilityGlobals) = postSolution
		SolutionGuid = {8A61E3B8-42A9-4FFF-8FF3-A9F34BEFDEFF}
	EndGlobalSection
EndGlobal
